// !$*UTF8*$!
{
	archiveVersion = 1;
	classes = {
	};
	objectVersion = 77;
	objects = {

/* Begin PBXBuildFile section */
		6057ADB92F1BDE5F009ED558 /* StreetWorkoutAIApp.swift in Sources */ = {isa = PBXBuildFile; fileRef = 6057ADB82F1BDE5F009ED558 /* StreetWorkoutAIApp.swift */; };
		6057ADBD2F1BDE61009ED558 /* Assets.xcassets in Resources */ = {isa = PBXBuildFile; fileRef = 6057ADBC2F1BDE61009ED558 /* Assets.xcassets */; };
		6057ADE82F1BE0D1009ED558 /* Exercise.swift in Sources */ = {isa = PBXBuildFile; fileRef = 6057ADE72F1BE0D1009ED558 /* Exercise.swift */; };
		6057ADEA2F1BE175009ED558 /* WorkoutSet.swift in Sources */ = {isa = PBXBuildFile; fileRef = 6057ADE92F1BE175009ED558 /* WorkoutSet.swift */; };
		6057ADEC2F1BE342009ED558 /* Workout.swift in Sources */ = {isa = PBXBuildFile; fileRef = 6057ADEB2F1BE342009ED558 /* Workout.swift */; };
		6057ADEE2F1BEA9C009ED558 /* ExerciseListView.swift in Sources */ = {isa = PBXBuildFile; fileRef = 6057ADED2F1BEA9C009ED558 /* ExerciseListView.swift */; };
		6057ADF02F1BED5C009ED558 /* AddExerciceView.swift in Sources */ = {isa = PBXBuildFile; fileRef = 6057ADEF2F1BED5C009ED558 /* AddExerciceView.swift */; };
		6085CBF42F1BF2C300EB26A2 /* WorkoutListView.swift in Sources */ = {isa = PBXBuildFile; fileRef = 6085CBF32F1BF2C300EB26A2 /* WorkoutListView.swift */; };
		6085CBF62F1CE1A400EB26A2 /* WorkoutDetailView.swift in Sources */ = {isa = PBXBuildFile; fileRef = 6085CBF52F1CE1A400EB26A2 /* WorkoutDetailView.swift */; };
		6085CBF82F1D2E6C00EB26A2 /* HomeView.swift in Sources */ = {isa = PBXBuildFile; fileRef = 6085CBF72F1D2E6C00EB26A2 /* HomeView.swift */; };
		6085CBFA2F1D4DF100EB26A2 /* ProgressChartView.swift in Sources */ = {isa = PBXBuildFile; fileRef = 6085CBF92F1D4DF100EB26A2 /* ProgressChartView.swift */; };
		6085CBFE2F1D542400EB26A2 /* CreateWorkoutView.swift in Sources */ = {isa = PBXBuildFile; fileRef = 6085CBFD2F1D542400EB26A2 /* CreateWorkoutView.swift */; };
		6085CC002F1D55DE00EB26A2 /* MainTabView.swift in Sources */ = {isa = PBXBuildFile; fileRef = 6085CBFF2F1D55DE00EB26A2 /* MainTabView.swift */; };
		6085CC022F1D580B00EB26A2 /* CreateWorkoutSetView.swift in Sources */ = {isa = PBXBuildFile; fileRef = 6085CC012F1D580B00EB26A2 /* CreateWorkoutSetView.swift */; };
/* End PBXBuildFile section */

/* Begin PBXContainerItemProxy section */
		6057ADC32F1BDE61009ED558 /* PBXContainerItemProxy */ = {
			isa = PBXContainerItemProxy;
			containerPortal = 6057ADAD2F1BDE5F009ED558 /* Project object */;
			proxyType = 1;
			remoteGlobalIDString = 6057ADB42F1BDE5F009ED558;
			remoteInfo = StreetWorkoutAI;
		};
		6057ADCD2F1BDE61009ED558 /* PBXContainerItemProxy */ = {
			isa = PBXContainerItemProxy;
			containerPortal = 6057ADAD2F1BDE5F009ED558 /* Project object */;
			proxyType = 1;
			remoteGlobalIDString = 6057ADB42F1BDE5F009ED558;
			remoteInfo = StreetWorkoutAI;
		};
/* End PBXContainerItemProxy section */

/* Begin PBXFileReference section */
		6057ADB52F1BDE5F009ED558 /* StreetWorkoutAI.app */ = {isa = PBXFileReference; explicitFileType = wrapper.application; includeInIndex = 0; path = StreetWorkoutAI.app; sourceTree = BUILT_PRODUCTS_DIR; };
		6057ADB82F1BDE5F009ED558 /* StreetWorkoutAIApp.swift */ = {isa = PBXFileReference; lastKnownFileType = sourcecode.swift; path = StreetWorkoutAIApp.swift; sourceTree = "<group>"; };
		6057ADBC2F1BDE61009ED558 /* Assets.xcassets */ = {isa = PBXFileReference; lastKnownFileType = folder.assetcatalog; path = Assets.xcassets; sourceTree = "<group>"; };
		6057ADC22F1BDE61009ED558 /* StreetWorkoutAITests.xctest */ = {isa = PBXFileReference; explicitFileType = wrapper.cfbundle; includeInIndex = 0; path = StreetWorkoutAITests.xctest; sourceTree = BUILT_PRODUCTS_DIR; };
		6057ADCC2F1BDE61009ED558 /* StreetWorkoutAIUITests.xctest */ = {isa = PBXFileReference; explicitFileType = wrapper.cfbundle; includeInIndex = 0; path = StreetWorkoutAIUITests.xctest; sourceTree = BUILT_PRODUCTS_DIR; };
		6057ADE72F1BE0D1009ED558 /* Exercise.swift */ = {isa = PBXFileReference; lastKnownFileType = sourcecode.swift; path = Exercise.swift; sourceTree = "<group>"; };
		6057ADE92F1BE175009ED558 /* WorkoutSet.swift */ = {isa = PBXFileReference; lastKnownFileType = sourcecode.swift; path = WorkoutSet.swift; sourceTree = "<group>"; };
		6057ADEB2F1BE342009ED558 /* Workout.swift */ = {isa = PBXFileReference; lastKnownFileType = sourcecode.swift; path = Workout.swift; sourceTree = "<group>"; };
		6057ADED2F1BEA9C009ED558 /* ExerciseListView.swift */ = {isa = PBXFileReference; lastKnownFileType = sourcecode.swift; path = ExerciseListView.swift; sourceTree = "<group>"; };
		6057ADEF2F1BED5C009ED558 /* AddExerciceView.swift */ = {isa = PBXFileReference; lastKnownFileType = sourcecode.swift; path = AddExerciceView.swift; sourceTree = "<group>"; };
		6085CBF32F1BF2C300EB26A2 /* WorkoutListView.swift */ = {isa = PBXFileReference; lastKnownFileType = sourcecode.swift; path = WorkoutListView.swift; sourceTree = "<group>"; };
		6085CBF52F1CE1A400EB26A2 /* WorkoutDetailView.swift */ = {isa = PBXFileReference; lastKnownFileType = sourcecode.swift; path = WorkoutDetailView.swift; sourceTree = "<group>"; };
		6085CBF72F1D2E6C00EB26A2 /* HomeView.swift */ = {isa = PBXFileReference; lastKnownFileType = sourcecode.swift; path = HomeView.swift; sourceTree = "<group>"; };
		6085CBF92F1D4DF100EB26A2 /* ProgressChartView.swift */ = {isa = PBXFileReference; lastKnownFileType = sourcecode.swift; path = ProgressChartView.swift; sourceTree = "<group>"; };
		6085CBFD2F1D542400EB26A2 /* CreateWorkoutView.swift */ = {isa = PBXFileReference; lastKnownFileType = sourcecode.swift; path = CreateWorkoutView.swift; sourceTree = "<group>"; };
		6085CBFF2F1D55DE00EB26A2 /* MainTabView.swift */ = {isa = PBXFileReference; lastKnownFileType = sourcecode.swift; path = MainTabView.swift; sourceTree = "<group>"; };
		6085CC012F1D580B00EB26A2 /* CreateWorkoutSetView.swift */ = {isa = PBXFileReference; lastKnownFileType = sourcecode.swift; path = CreateWorkoutSetView.swift; sourceTree = "<group>"; };
/* End PBXFileReference section */

/* Begin PBXFileSystemSynchronizedRootGroup section */
		6057ADB72F1BDE5F009ED558 /* StreetWorkoutAI */ = {
			isa = PBXFileSystemSynchronizedRootGroup;
			path = StreetWorkoutAI;
			sourceTree = "<group>";
		};
		6057ADC52F1BDE61009ED558 /* StreetWorkoutAITests */ = {
			isa = PBXFileSystemSynchronizedRootGroup;
			path = StreetWorkoutAITests;
			sourceTree = "<group>";
		};
		6057ADCF2F1BDE61009ED558 /* StreetWorkoutAIUITests */ = {
			isa = PBXFileSystemSynchronizedRootGroup;
			path = StreetWorkoutAIUITests;
			sourceTree = "<group>";
		};
/* End PBXFileSystemSynchronizedRootGroup section */

/* Begin PBXFrameworksBuildPhase section */
		6057ADB22F1BDE5F009ED558 /* Frameworks */ = {
			isa = PBXFrameworksBuildPhase;
			buildActionMask = 2147483647;
			files = (
			);
			runOnlyForDeploymentPostprocessing = 0;
		};
		6057ADBF2F1BDE61009ED558 /* Frameworks */ = {
			isa = PBXFrameworksBuildPhase;
			buildActionMask = 2147483647;
			files = (
			);
			runOnlyForDeploymentPostprocessing = 0;
		};
		6057ADC92F1BDE61009ED558 /* Frameworks */ = {
			isa = PBXFrameworksBuildPhase;
			buildActionMask = 2147483647;
			files = (
			);
			runOnlyForDeploymentPostprocessing = 0;
		};
/* End PBXFrameworksBuildPhase section */

/* Begin PBXGroup section */
		6057ADAC2F1BDE5F009ED558 = {
			isa = PBXGroup;
			children = (
				6057ADE02F1BE005009ED558 /* App */,
				6057ADE12F1BE017009ED558 /* Core */,
				6057ADE22F1BE021009ED558 /* Models */,
				6057ADE32F1BE02A009ED558 /* Features */,
				6057ADE42F1BE037009ED558 /* Components */,
				6057ADE52F1BE03E009ED558 /* Ressources */,
				6057ADB72F1BDE5F009ED558 /* StreetWorkoutAI */,
				6057ADC52F1BDE61009ED558 /* StreetWorkoutAITests */,
				6057ADCF2F1BDE61009ED558 /* StreetWorkoutAIUITests */,
				6057ADB62F1BDE5F009ED558 /* Products */,
			);
			sourceTree = "<group>";
		};
		6057ADB62F1BDE5F009ED558 /* Products */ = {
			isa = PBXGroup;
			children = (
				6057ADB52F1BDE5F009ED558 /* StreetWorkoutAI.app */,
				6057ADC22F1BDE61009ED558 /* StreetWorkoutAITests.xctest */,
				6057ADCC2F1BDE61009ED558 /* StreetWorkoutAIUITests.xctest */,
			);
			name = Products;
			sourceTree = "<group>";
		};
		6057ADE02F1BE005009ED558 /* App */ = {
			isa = PBXGroup;
			children = (
				6057ADB82F1BDE5F009ED558 /* StreetWorkoutAIApp.swift */,
			);
			path = App;
			sourceTree = "<group>";
		};
		6057ADE12F1BE017009ED558 /* Core */ = {
			isa = PBXGroup;
			children = (
			);
			path = Core;
			sourceTree = "<group>";
		};
		6057ADE22F1BE021009ED558 /* Models */ = {
			isa = PBXGroup;
			children = (
				6057ADE72F1BE0D1009ED558 /* Exercise.swift */,
				6057ADE92F1BE175009ED558 /* WorkoutSet.swift */,
				6057ADEB2F1BE342009ED558 /* Workout.swift */,
			);
			path = Models;
			sourceTree = "<group>";
		};
		6057ADE32F1BE02A009ED558 /* Features */ = {
			isa = PBXGroup;
			children = (
				6057ADED2F1BEA9C009ED558 /* ExerciseListView.swift */,
				6057ADEF2F1BED5C009ED558 /* AddExerciceView.swift */,
				6085CBF32F1BF2C300EB26A2 /* WorkoutListView.swift */,
				6085CBF52F1CE1A400EB26A2 /* WorkoutDetailView.swift */,
				6085CBF72F1D2E6C00EB26A2 /* HomeView.swift */,
				6085CBF92F1D4DF100EB26A2 /* ProgressChartView.swift */,
				6085CBFD2F1D542400EB26A2 /* CreateWorkoutView.swift */,
				6085CBFF2F1D55DE00EB26A2 /* MainTabView.swift */,
				6085CC012F1D580B00EB26A2 /* CreateWorkoutSetView.swift */,
			);
			path = Features;
			sourceTree = "<group>";
		};
		6057ADE42F1BE037009ED558 /* Components */ = {
			isa = PBXGroup;
			children = (
			);
			path = Components;
			sourceTree = "<group>";
		};
		6057ADE52F1BE03E009ED558 /* Ressources */ = {
			isa = PBXGroup;
			children = (
				6057ADBC2F1BDE61009ED558 /* Assets.xcassets */,
			);
			path = Ressources;
			sourceTree = "<group>";
		};
/* End PBXGroup section */

/* Begin PBXNativeTarget section */
		6057ADB42F1BDE5F009ED558 /* StreetWorkoutAI */ = {
			isa = PBXNativeTarget;
			buildConfigurationList = 6057ADD62F1BDE61009ED558 /* Build configuration list for PBXNativeTarget "StreetWorkoutAI" */;
			buildPhases = (
				6057ADB12F1BDE5F009ED558 /* Sources */,
				6057ADB22F1BDE5F009ED558 /* Frameworks */,
				6057ADB32F1BDE5F009ED558 /* Resources */,
			);
			buildRules = (
			);
			dependencies = (
			);
			fileSystemSynchronizedGroups = (
				6057ADB72F1BDE5F009ED558 /* StreetWorkoutAI */,
			);
			name = StreetWorkoutAI;
			packageProductDependencies = (
			);
			productName = StreetWorkoutAI;
			productReference = 6057ADB52F1BDE5F009ED558 /* StreetWorkoutAI.app */;
			productType = "com.apple.product-type.application";
		};
		6057ADC12F1BDE61009ED558 /* StreetWorkoutAITests */ = {
			isa = PBXNativeTarget;
			buildConfigurationList = 6057ADD92F1BDE61009ED558 /* Build configuration list for PBXNativeTarget "StreetWorkoutAITests" */;
			buildPhases = (
				6057ADBE2F1BDE61009ED558 /* Sources */,
				6057ADBF2F1BDE61009ED558 /* Frameworks */,
				6057ADC02F1BDE61009ED558 /* Resources */,
			);
			buildRules = (
			);
			dependencies = (
				6057ADC42F1BDE61009ED558 /* PBXTargetDependency */,
			);
			fileSystemSynchronizedGroups = (
				6057ADC52F1BDE61009ED558 /* StreetWorkoutAITests */,
			);
			name = StreetWorkoutAITests;
			packageProductDependencies = (
			);
			productName = StreetWorkoutAITests;
			productReference = 6057ADC22F1BDE61009ED558 /* StreetWorkoutAITests.xctest */;
			productType = "com.apple.product-type.bundle.unit-test";
		};
		6057ADCB2F1BDE61009ED558 /* StreetWorkoutAIUITests */ = {
			isa = PBXNativeTarget;
			buildConfigurationList = 6057ADDC2F1BDE61009ED558 /* Build configuration list for PBXNativeTarget "StreetWorkoutAIUITests" */;
			buildPhases = (
				6057ADC82F1BDE61009ED558 /* Sources */,
				6057ADC92F1BDE61009ED558 /* Frameworks */,
				6057ADCA2F1BDE61009ED558 /* Resources */,
			);
			buildRules = (
			);
			dependencies = (
				6057ADCE2F1BDE61009ED558 /* PBXTargetDependency */,
			);
			fileSystemSynchronizedGroups = (
				6057ADCF2F1BDE61009ED558 /* StreetWorkoutAIUITests */,
			);
			name = StreetWorkoutAIUITests;
			packageProductDependencies = (
			);
			productName = StreetWorkoutAIUITests;
			productReference = 6057ADCC2F1BDE61009ED558 /* StreetWorkoutAIUITests.xctest */;
			productType = "com.apple.product-type.bundle.ui-testing";
		};
/* End PBXNativeTarget section */

/* Begin PBXProject section */
		6057ADAD2F1BDE5F009ED558 /* Project object */ = {
			isa = PBXProject;
			attributes = {
				BuildIndependentTargetsInParallel = 1;
				LastSwiftUpdateCheck = 2620;
				LastUpgradeCheck = 2620;
				TargetAttributes = {
					6057ADB42F1BDE5F009ED558 = {
						CreatedOnToolsVersion = 26.2;
					};
					6057ADC12F1BDE61009ED558 = {
						CreatedOnToolsVersion = 26.2;
						TestTargetID = 6057ADB42F1BDE5F009ED558;
					};
					6057ADCB2F1BDE61009ED558 = {
						CreatedOnToolsVersion = 26.2;
						TestTargetID = 6057ADB42F1BDE5F009ED558;
					};
				};
			};
			buildConfigurationList = 6057ADB02F1BDE5F009ED558 /* Build configuration list for PBXProject "StreetWorkoutAI" */;
			developmentRegion = en;
			hasScannedForEncodings = 0;
			knownRegions = (
				en,
				Base,
			);
			mainGroup = 6057ADAC2F1BDE5F009ED558;
			minimizedProjectReferenceProxies = 1;
			preferredProjectObjectVersion = 77;
			productRefGroup = 6057ADB62F1BDE5F009ED558 /* Products */;
			projectDirPath = "";
			projectRoot = "";
			targets = (
				6057ADB42F1BDE5F009ED558 /* StreetWorkoutAI */,
				6057ADC12F1BDE61009ED558 /* StreetWorkoutAITests */,
				6057ADCB2F1BDE61009ED558 /* StreetWorkoutAIUITests */,
			);
		};
/* End PBXProject section */

/* Begin PBXResourcesBuildPhase section */
		6057ADB32F1BDE5F009ED558 /* Resources */ = {
			isa = PBXResourcesBuildPhase;
			buildActionMask = 2147483647;
			files = (
				6057ADBD2F1BDE61009ED558 /* Assets.xcassets in Resources */,
			);
			runOnlyForDeploymentPostprocessing = 0;
		};
		6057ADC02F1BDE61009ED558 /* Resources */ = {
			isa = PBXResourcesBuildPhase;
			buildActionMask = 2147483647;
			files = (
			);
			runOnlyForDeploymentPostprocessing = 0;
		};
		6057ADCA2F1BDE61009ED558 /* Resources */ = {
			isa = PBXResourcesBuildPhase;
			buildActionMask = 2147483647;
			files = (
			);
			runOnlyForDeploymentPostprocessing = 0;
		};
/* End PBXResourcesBuildPhase section */

/* Begin PBXSourcesBuildPhase section */
		6057ADB12F1BDE5F009ED558 /* Sources */ = {
			isa = PBXSourcesBuildPhase;
			buildActionMask = 2147483647;
			files = (
				6085CBFE2F1D542400EB26A2 /* CreateWorkoutView.swift in Sources */,
				6057ADF02F1BED5C009ED558 /* AddExerciceView.swift in Sources */,
				6085CBF62F1CE1A400EB26A2 /* WorkoutDetailView.swift in Sources */,
				6057ADB92F1BDE5F009ED558 /* StreetWorkoutAIApp.swift in Sources */,
				6085CBFA2F1D4DF100EB26A2 /* ProgressChartView.swift in Sources */,
				6085CBF82F1D2E6C00EB26A2 /* HomeView.swift in Sources */,
				6085CBF42F1BF2C300EB26A2 /* WorkoutListView.swift in Sources */,
				6085CC002F1D55DE00EB26A2 /* MainTabView.swift in Sources */,
				6057ADEA2F1BE175009ED558 /* WorkoutSet.swift in Sources */,
				6057ADEC2F1BE342009ED558 /* Workout.swift in Sources */,
				6085CC022F1D580B00EB26A2 /* CreateWorkoutSetView.swift in Sources */,
				6057ADEE2F1BEA9C009ED558 /* ExerciseListView.swift in Sources */,
				6057ADE82F1BE0D1009ED558 /* Exercise.swift in Sources */,
			);
			runOnlyForDeploymentPostprocessing = 0;
		};
		6057ADBE2F1BDE61009ED558 /* Sources */ = {
			isa = PBXSourcesBuildPhase;
			buildActionMask = 2147483647;
			files = (
			);
			runOnlyForDeploymentPostprocessing = 0;
		};
		6057ADC82F1BDE61009ED558 /* Sources */ = {
			isa = PBXSourcesBuildPhase;
			buildActionMask = 2147483647;
			files = (
			);
			runOnlyForDeploymentPostprocessing = 0;
		};
/* End PBXSourcesBuildPhase section */

/* Begin PBXTargetDependency section */
		6057ADC42F1BDE61009ED558 /* PBXTargetDependency */ = {
			isa = PBXTargetDependency;
			target = 6057ADB42F1BDE5F009ED558 /* StreetWorkoutAI */;
			targetProxy = 6057ADC32F1BDE61009ED558 /* PBXContainerItemProxy */;
		};
		6057ADCE2F1BDE61009ED558 /* PBXTargetDependency */ = {
			isa = PBXTargetDependency;
			target = 6057ADB42F1BDE5F009ED558 /* StreetWorkoutAI */;
			targetProxy = 6057ADCD2F1BDE61009ED558 /* PBXContainerItemProxy */;
		};
/* End PBXTargetDependency section */

/* Begin XCBuildConfiguration section */
		6057ADD42F1BDE61009ED558 /* Debug */ = {
			isa = XCBuildConfiguration;
			buildSettings = {
				ALWAYS_SEARCH_USER_PATHS = NO;
				ASSETCATALOG_COMPILER_GENERATE_SWIFT_ASSET_SYMBOL_EXTENSIONS = YES;
				CLANG_ANALYZER_NONNULL = YES;
				CLANG_ANALYZER_NUMBER_OBJECT_CONVERSION = YES_AGGRESSIVE;
				CLANG_CXX_LANGUAGE_STANDARD = "gnu++20";
				CLANG_ENABLE_MODULES = YES;
				CLANG_ENABLE_OBJC_ARC = YES;
				CLANG_ENABLE_OBJC_WEAK = YES;
				CLANG_WARN_BLOCK_CAPTURE_AUTORELEASING = YES;
				CLANG_WARN_BOOL_CONVERSION = YES;
				CLANG_WARN_COMMA = YES;
				CLANG_WARN_CONSTANT_CONVERSION = YES;
				CLANG_WARN_DEPRECATED_OBJC_IMPLEMENTATIONS = YES;
				CLANG_WARN_DIRECT_OBJC_ISA_USAGE = YES_ERROR;
				CLANG_WARN_DOCUMENTATION_COMMENTS = YES;
				CLANG_WARN_EMPTY_BODY = YES;
				CLANG_WARN_ENUM_CONVERSION = YES;
				CLANG_WARN_INFINITE_RECURSION = YES;
				CLANG_WARN_INT_CONVERSION = YES;
				CLANG_WARN_NON_LITERAL_NULL_CONVERSION = YES;
				CLANG_WARN_OBJC_IMPLICIT_RETAIN_SELF = YES;
				CLANG_WARN_OBJC_LITERAL_CONVERSION = YES;
				CLANG_WARN_OBJC_ROOT_CLASS = YES_ERROR;
				CLANG_WARN_QUOTED_INCLUDE_IN_FRAMEWORK_HEADER = YES;
				CLANG_WARN_RANGE_LOOP_ANALYSIS = YES;
				CLANG_WARN_STRICT_PROTOTYPES = YES;
				CLANG_WARN_SUSPICIOUS_MOVE = YES;
				CLANG_WARN_UNGUARDED_AVAILABILITY = YES_AGGRESSIVE;
				CLANG_WARN_UNREACHABLE_CODE = YES;
				CLANG_WARN__DUPLICATE_METHOD_MATCH = YES;
				COPY_PHASE_STRIP = NO;
				DEBUG_INFORMATION_FORMAT = dwarf;
				ENABLE_STRICT_OBJC_MSGSEND = YES;
				ENABLE_TESTABILITY = YES;
				ENABLE_USER_SCRIPT_SANDBOXING = YES;
				GCC_C_LANGUAGE_STANDARD = gnu17;
				GCC_DYNAMIC_NO_PIC = NO;
				GCC_NO_COMMON_BLOCKS = YES;
				GCC_OPTIMIZATION_LEVEL = 0;
				GCC_PREPROCESSOR_DEFINITIONS = (
					"DEBUG=1",
					"$(inherited)",
				);
				GCC_WARN_64_TO_32_BIT_CONVERSION = YES;
				GCC_WARN_ABOUT_RETURN_TYPE = YES_ERROR;
				GCC_WARN_UNDECLARED_SELECTOR = YES;
				GCC_WARN_UNINITIALIZED_AUTOS = YES_AGGRESSIVE;
				GCC_WARN_UNUSED_FUNCTION = YES;
				GCC_WARN_UNUSED_VARIABLE = YES;
				LOCALIZATION_PREFERS_STRING_CATALOGS = YES;
				MTL_ENABLE_DEBUG_INFO = INCLUDE_SOURCE;
				MTL_FAST_MATH = YES;
				ONLY_ACTIVE_ARCH = YES;
				SWIFT_ACTIVE_COMPILATION_CONDITIONS = "DEBUG $(inherited)";
				SWIFT_OPTIMIZATION_LEVEL = "-Onone";
			};
			name = Debug;
		};
		6057ADD52F1BDE61009ED558 /* Release */ = {
			isa = XCBuildConfiguration;
			buildSettings = {
				ALWAYS_SEARCH_USER_PATHS = NO;
				ASSETCATALOG_COMPILER_GENERATE_SWIFT_ASSET_SYMBOL_EXTENSIONS = YES;
				CLANG_ANALYZER_NONNULL = YES;
				CLANG_ANALYZER_NUMBER_OBJECT_CONVERSION = YES_AGGRESSIVE;
				CLANG_CXX_LANGUAGE_STANDARD = "gnu++20";
				CLANG_ENABLE_MODULES = YES;
				CLANG_ENABLE_OBJC_ARC = YES;
				CLANG_ENABLE_OBJC_WEAK = YES;
				CLANG_WARN_BLOCK_CAPTURE_AUTORELEASING = YES;
				CLANG_WARN_BOOL_CONVERSION = YES;
				CLANG_WARN_COMMA = YES;
				CLANG_WARN_CONSTANT_CONVERSION = YES;
				CLANG_WARN_DEPRECATED_OBJC_IMPLEMENTATIONS = YES;
				CLANG_WARN_DIRECT_OBJC_ISA_USAGE = YES_ERROR;
				CLANG_WARN_DOCUMENTATION_COMMENTS = YES;
				CLANG_WARN_EMPTY_BODY = YES;
				CLANG_WARN_ENUM_CONVERSION = YES;
				CLANG_WARN_INFINITE_RECURSION = YES;
				CLANG_WARN_INT_CONVERSION = YES;
				CLANG_WARN_NON_LITERAL_NULL_CONVERSION = YES;
				CLANG_WARN_OBJC_IMPLICIT_RETAIN_SELF = YES;
				CLANG_WARN_OBJC_LITERAL_CONVERSION = YES;
				CLANG_WARN_OBJC_ROOT_CLASS = YES_ERROR;
				CLANG_WARN_QUOTED_INCLUDE_IN_FRAMEWORK_HEADER = YES;
				CLANG_WARN_RANGE_LOOP_ANALYSIS = YES;
				CLANG_WARN_STRICT_PROTOTYPES = YES;
				CLANG_WARN_SUSPICIOUS_MOVE = YES;
				CLANG_WARN_UNGUARDED_AVAILABILITY = YES_AGGRESSIVE;
				CLANG_WARN_UNREACHABLE_CODE = YES;
				CLANG_WARN__DUPLICATE_METHOD_MATCH = YES;
				COPY_PHASE_STRIP = NO;
				DEBUG_INFORMATION_FORMAT = "dwarf-with-dsym";
				ENABLE_NS_ASSERTIONS = NO;
				ENABLE_STRICT_OBJC_MSGSEND = YES;
				ENABLE_USER_SCRIPT_SANDBOXING = YES;
				GCC_C_LANGUAGE_STANDARD = gnu17;
				GCC_NO_COMMON_BLOCKS = YES;
				GCC_WARN_64_TO_32_BIT_CONVERSION = YES;
				GCC_WARN_ABOUT_RETURN_TYPE = YES_ERROR;
				GCC_WARN_UNDECLARED_SELECTOR = YES;
				GCC_WARN_UNINITIALIZED_AUTOS = YES_AGGRESSIVE;
				GCC_WARN_UNUSED_FUNCTION = YES;
				GCC_WARN_UNUSED_VARIABLE = YES;
				LOCALIZATION_PREFERS_STRING_CATALOGS = YES;
				MTL_ENABLE_DEBUG_INFO = NO;
				MTL_FAST_MATH = YES;
				SWIFT_COMPILATION_MODE = wholemodule;
			};
			name = Release;
		};
		6057ADD72F1BDE61009ED558 /* Debug */ = {
			isa = XCBuildConfiguration;
			buildSettings = {
				ASSETCATALOG_COMPILER_APPICON_NAME = AppIcon;
				ASSETCATALOG_COMPILER_GLOBAL_ACCENT_COLOR_NAME = AccentColor;
				CODE_SIGN_STYLE = Automatic;
				CURRENT_PROJECT_VERSION = 1;
				ENABLE_APP_SANDBOX = YES;
				ENABLE_PREVIEWS = YES;
				ENABLE_USER_SELECTED_FILES = readonly;
				GENERATE_INFOPLIST_FILE = YES;
				"INFOPLIST_KEY_UIApplicationSceneManifest_Generation[sdk=iphoneos*]" = YES;
				"INFOPLIST_KEY_UIApplicationSceneManifest_Generation[sdk=iphonesimulator*]" = YES;
				"INFOPLIST_KEY_UIApplicationSupportsIndirectInputEvents[sdk=iphoneos*]" = YES;
				"INFOPLIST_KEY_UIApplicationSupportsIndirectInputEvents[sdk=iphonesimulator*]" = YES;
				"INFOPLIST_KEY_UILaunchScreen_Generation[sdk=iphoneos*]" = YES;
				"INFOPLIST_KEY_UILaunchScreen_Generation[sdk=iphonesimulator*]" = YES;
				"INFOPLIST_KEY_UIStatusBarStyle[sdk=iphoneos*]" = UIStatusBarStyleDefault;
				"INFOPLIST_KEY_UIStatusBarStyle[sdk=iphonesimulator*]" = UIStatusBarStyleDefault;
				INFOPLIST_KEY_UISupportedInterfaceOrientations_iPad = "UIInterfaceOrientationPortrait UIInterfaceOrientationPortraitUpsideDown UIInterfaceOrientationLandscapeLeft UIInterfaceOrientationLandscapeRight";
				INFOPLIST_KEY_UISupportedInterfaceOrientations_iPhone = "UIInterfaceOrientationPortrait UIInterfaceOrientationLandscapeLeft UIInterfaceOrientationLandscapeRight";
				IPHONEOS_DEPLOYMENT_TARGET = 26.2;
				LD_RUNPATH_SEARCH_PATHS = "@executable_path/Frameworks";
				"LD_RUNPATH_SEARCH_PATHS[sdk=macosx*]" = "@executable_path/../Frameworks";
				MACOSX_DEPLOYMENT_TARGET = 26.0;
				MARKETING_VERSION = 1.0;
				PRODUCT_BUNDLE_IDENTIFIER = zeraora.StreetWorkoutAI;
				PRODUCT_NAME = "$(TARGET_NAME)";
				REGISTER_APP_GROUPS = YES;
				SDKROOT = auto;
				STRING_CATALOG_GENERATE_SYMBOLS = YES;
				SUPPORTED_PLATFORMS = "iphoneos iphonesimulator macosx xros xrsimulator";
				SWIFT_APPROACHABLE_CONCURRENCY = YES;
				SWIFT_DEFAULT_ACTOR_ISOLATION = MainActor;
				SWIFT_EMIT_LOC_STRINGS = YES;
				SWIFT_UPCOMING_FEATURE_MEMBER_IMPORT_VISIBILITY = YES;
				SWIFT_VERSION = 5.0;
				TARGETED_DEVICE_FAMILY = "1,2,7";
				XROS_DEPLOYMENT_TARGET = 26.2;
			};
			name = Debug;
		};
		6057ADD82F1BDE61009ED558 /* Release */ = {
			isa = XCBuildConfiguration;
			buildSettings = {
				ASSETCATALOG_COMPILER_APPICON_NAME = AppIcon;
				ASSETCATALOG_COMPILER_GLOBAL_ACCENT_COLOR_NAME = AccentColor;
				CODE_SIGN_STYLE = Automatic;
				CURRENT_PROJECT_VERSION = 1;
				ENABLE_APP_SANDBOX = YES;
				ENABLE_PREVIEWS = YES;
				ENABLE_USER_SELECTED_FILES = readonly;
				GENERATE_INFOPLIST_FILE = YES;
				"INFOPLIST_KEY_UIApplicationSceneManifest_Generation[sdk=iphoneos*]" = YES;
				"INFOPLIST_KEY_UIApplicationSceneManifest_Generation[sdk=iphonesimulator*]" = YES;
				"INFOPLIST_KEY_UIApplicationSupportsIndirectInputEvents[sdk=iphoneos*]" = YES;
				"INFOPLIST_KEY_UIApplicationSupportsIndirectInputEvents[sdk=iphonesimulator*]" = YES;
				"INFOPLIST_KEY_UILaunchScreen_Generation[sdk=iphoneos*]" = YES;
				"INFOPLIST_KEY_UILaunchScreen_Generation[sdk=iphonesimulator*]" = YES;
				"INFOPLIST_KEY_UIStatusBarStyle[sdk=iphoneos*]" = UIStatusBarStyleDefault;
				"INFOPLIST_KEY_UIStatusBarStyle[sdk=iphonesimulator*]" = UIStatusBarStyleDefault;
				INFOPLIST_KEY_UISupportedInterfaceOrientations_iPad = "UIInterfaceOrientationPortrait UIInterfaceOrientationPortraitUpsideDown UIInterfaceOrientationLandscapeLeft UIInterfaceOrientationLandscapeRight";
				INFOPLIST_KEY_UISupportedInterfaceOrientations_iPhone = "UIInterfaceOrientationPortrait UIInterfaceOrientationLandscapeLeft UIInterfaceOrientationLandscapeRight";
				IPHONEOS_DEPLOYMENT_TARGET = 26.2;
				LD_RUNPATH_SEARCH_PATHS = "@executable_path/Frameworks";
				"LD_RUNPATH_SEARCH_PATHS[sdk=macosx*]" = "@executable_path/../Frameworks";
				MACOSX_DEPLOYMENT_TARGET = 26.0;
				MARKETING_VERSION = 1.0;
				PRODUCT_BUNDLE_IDENTIFIER = zeraora.StreetWorkoutAI;
				PRODUCT_NAME = "$(TARGET_NAME)";
				REGISTER_APP_GROUPS = YES;
				SDKROOT = auto;
				STRING_CATALOG_GENERATE_SYMBOLS = YES;
				SUPPORTED_PLATFORMS = "iphoneos iphonesimulator macosx xros xrsimulator";
				SWIFT_APPROACHABLE_CONCURRENCY = YES;
				SWIFT_DEFAULT_ACTOR_ISOLATION = MainActor;
				SWIFT_EMIT_LOC_STRINGS = YES;
				SWIFT_UPCOMING_FEATURE_MEMBER_IMPORT_VISIBILITY = YES;
				SWIFT_VERSION = 5.0;
				TARGETED_DEVICE_FAMILY = "1,2,7";
				XROS_DEPLOYMENT_TARGET = 26.2;
			};
			name = Release;
		};
		6057ADDA2F1BDE61009ED558 /* Debug */ = {
			isa = XCBuildConfiguration;
			buildSettings = {
				BUNDLE_LOADER = "$(TEST_HOST)";
				CODE_SIGN_STYLE = Automatic;
				CURRENT_PROJECT_VERSION = 1;
				GENERATE_INFOPLIST_FILE = YES;
				IPHONEOS_DEPLOYMENT_TARGET = 26.2;
				MACOSX_DEPLOYMENT_TARGET = 26.0;
				MARKETING_VERSION = 1.0;
				PRODUCT_BUNDLE_IDENTIFIER = zeraora.StreetWorkoutAITests;
				PRODUCT_NAME = "$(TARGET_NAME)";
				SDKROOT = auto;
				STRING_CATALOG_GENERATE_SYMBOLS = NO;
				SUPPORTED_PLATFORMS = "iphoneos iphonesimulator macosx xros xrsimulator";
				SWIFT_APPROACHABLE_CONCURRENCY = YES;
				SWIFT_EMIT_LOC_STRINGS = NO;
				SWIFT_UPCOMING_FEATURE_MEMBER_IMPORT_VISIBILITY = YES;
				SWIFT_VERSION = 5.0;
				TARGETED_DEVICE_FAMILY = "1,2,7";
				TEST_HOST = "$(BUILT_PRODUCTS_DIR)/StreetWorkoutAI.app/$(BUNDLE_EXECUTABLE_FOLDER_PATH)/StreetWorkoutAI";
				XROS_DEPLOYMENT_TARGET = 26.2;
			};
			name = Debug;
		};
		6057ADDB2F1BDE61009ED558 /* Release */ = {
			isa = XCBuildConfiguration;
			buildSettings = {
				BUNDLE_LOADER = "$(TEST_HOST)";
				CODE_SIGN_STYLE = Automatic;
				CURRENT_PROJECT_VERSION = 1;
				GENERATE_INFOPLIST_FILE = YES;
				IPHONEOS_DEPLOYMENT_TARGET = 26.2;
				MACOSX_DEPLOYMENT_TARGET = 26.0;
				MARKETING_VERSION = 1.0;
				PRODUCT_BUNDLE_IDENTIFIER = zeraora.StreetWorkoutAITests;
				PRODUCT_NAME = "$(TARGET_NAME)";
				SDKROOT = auto;
				STRING_CATALOG_GENERATE_SYMBOLS = NO;
				SUPPORTED_PLATFORMS = "iphoneos iphonesimulator macosx xros xrsimulator";
				SWIFT_APPROACHABLE_CONCURRENCY = YES;
				SWIFT_EMIT_LOC_STRINGS = NO;
				SWIFT_UPCOMING_FEATURE_MEMBER_IMPORT_VISIBILITY = YES;
				SWIFT_VERSION = 5.0;
				TARGETED_DEVICE_FAMILY = "1,2,7";
				TEST_HOST = "$(BUILT_PRODUCTS_DIR)/StreetWorkoutAI.app/$(BUNDLE_EXECUTABLE_FOLDER_PATH)/StreetWorkoutAI";
				XROS_DEPLOYMENT_TARGET = 26.2;
			};
			name = Release;
		};
		6057ADDD2F1BDE61009ED558 /* Debug */ = {
			isa = XCBuildConfiguration;
			buildSettings = {
				CODE_SIGN_STYLE = Automatic;
				CURRENT_PROJECT_VERSION = 1;
				GENERATE_INFOPLIST_FILE = YES;
				IPHONEOS_DEPLOYMENT_TARGET = 26.2;
				MACOSX_DEPLOYMENT_TARGET = 26.0;
				MARKETING_VERSION = 1.0;
				PRODUCT_BUNDLE_IDENTIFIER = zeraora.StreetWorkoutAIUITests;
				PRODUCT_NAME = "$(TARGET_NAME)";
				SDKROOT = auto;
				STRING_CATALOG_GENERATE_SYMBOLS = NO;
				SUPPORTED_PLATFORMS = "iphoneos iphonesimulator macosx xros xrsimulator";
				SWIFT_APPROACHABLE_CONCURRENCY = YES;
				SWIFT_EMIT_LOC_STRINGS = NO;
				SWIFT_UPCOMING_FEATURE_MEMBER_IMPORT_VISIBILITY = YES;
				SWIFT_VERSION = 5.0;
				TARGETED_DEVICE_FAMILY = "1,2,7";
				TEST_TARGET_NAME = StreetWorkoutAI;
				XROS_DEPLOYMENT_TARGET = 26.2;
			};
			name = Debug;
		};
		6057ADDE2F1BDE61009ED558 /* Release */ = {
			isa = XCBuildConfiguration;
			buildSettings = {
				CODE_SIGN_STYLE = Automatic;
				CURRENT_PROJECT_VERSION = 1;
				GENERATE_INFOPLIST_FILE = YES;
				IPHONEOS_DEPLOYMENT_TARGET = 26.2;
				MACOSX_DEPLOYMENT_TARGET = 26.0;
				MARKETING_VERSION = 1.0;
				PRODUCT_BUNDLE_IDENTIFIER = zeraora.StreetWorkoutAIUITests;
				PRODUCT_NAME = "$(TARGET_NAME)";
				SDKROOT = auto;
				STRING_CATALOG_GENERATE_SYMBOLS = NO;
				SUPPORTED_PLATFORMS = "iphoneos iphonesimulator macosx xros xrsimulator";
				SWIFT_APPROACHABLE_CONCURRENCY = YES;
				SWIFT_EMIT_LOC_STRINGS = NO;
				SWIFT_UPCOMING_FEATURE_MEMBER_IMPORT_VISIBILITY = YES;
				SWIFT_VERSION = 5.0;
				TARGETED_DEVICE_FAMILY = "1,2,7";
				TEST_TARGET_NAME = StreetWorkoutAI;
				XROS_DEPLOYMENT_TARGET = 26.2;
			};
			name = Release;
		};
/* End XCBuildConfiguration section */

/* Begin XCConfigurationList section */
		6057ADB02F1BDE5F009ED558 /* Build configuration list for PBXProject "StreetWorkoutAI" */ = {
			isa = XCConfigurationList;
			buildConfigurations = (
				6057ADD42F1BDE61009ED558 /* Debug */,
				6057ADD52F1BDE61009ED558 /* Release */,
			);
			defaultConfigurationIsVisible = 0;
			defaultConfigurationName = Release;
		};
		6057ADD62F1BDE61009ED558 /* Build configuration list for PBXNativeTarget "StreetWorkoutAI" */ = {
			isa = XCConfigurationList;
			buildConfigurations = (
				6057ADD72F1BDE61009ED558 /* Debug */,
				6057ADD82F1BDE61009ED558 /* Release */,
			);
			defaultConfigurationIsVisible = 0;
			defaultConfigurationName = Release;
		};
		6057ADD92F1BDE61009ED558 /* Build configuration list for PBXNativeTarget "StreetWorkoutAITests" */ = {
			isa = XCConfigurationList;
			buildConfigurations = (
				6057ADDA2F1BDE61009ED558 /* Debug */,
				6057ADDB2F1BDE61009ED558 /* Release */,
			);
			defaultConfigurationIsVisible = 0;
			defaultConfigurationName = Release;
		};
		6057ADDC2F1BDE61009ED558 /* Build configuration list for PBXNativeTarget "StreetWorkoutAIUITests" */ = {
			isa = XCConfigurationList;
			buildConfigurations = (
				6057ADDD2F1BDE61009ED558 /* Debug */,
				6057ADDE2F1BDE61009ED558 /* Release */,
			);
			defaultConfigurationIsVisible = 0;
			defaultConfigurationName = Release;
		};
/* End XCConfigurationList section */
	};
	rootObject = 6057ADAD2F1BDE5F009ED558 /* Project object */;
}
